
Microsoft Visual Studio Solution File, Format Version 12.00
# Visual Studio Version 16
VisualStudioVersion = 16.0.31515.178
MinimumVisualStudioVersion = 10.0.40219.1
Project("{FAE04EC0-301F-11D3-BF4B-00C04F79EFBC}") = "Sample_DownloadMusic", "Sample_DownloadMusic.csproj", "{7A9E7B12-F4FF-42DD-83C3-397B8D0A625E}"
EndProject
Global
	GlobalSection(SolutionConfigurationPlatforms) = preSolution
		Debug|Any CPU = Debug|Any CPU
		Release|Any CPU = Release|Any CPU
	EndGlobalSection
	GlobalSection(ProjectConfigurationPlatforms) = postSolution
		{7A9E7B12-F4FF-42DD-83C3-397B8D0A625E}.Debug|Any CPU.ActiveCfg = Debug|Any CPU
		{7A9E7B12-F4FF-42DD-83C3-397B8D0A625E}.Debug|Any CPU.Build.0 = Debug|Any CPU
		{7A9E7B12-F4FF-42DD-83C3-397B8D0A625E}.Release|Any CPU.ActiveCfg = Release|Any CPU
		{7A9E7B12-F4FF-42DD-83C3-397B8D0A625E}.Release|Any CPU.Build.0 = Release|Any CPU
	EndGlobalSection
	GlobalSection(SolutionProperties) = preSolution
		HideSolutionNode = FALSE
	EndGlobalSection
	GlobalSection(ExtensibilityGlobals) = postSolution
		SolutionGuid = {214D7DFE-4724-4964-AEFE-47783FAFA134}
	EndGlobalSection
EndGlobal
